
Microsoft Visual Studio Solution File, Format Version 12.00
# Visual Studio Version 17
VisualStudioVersion = 17.4.33403.182
MinimumVisualStudioVersion = 10.0.40219.1
Project("{FAE04EC0-301F-11D3-BF4B-00C04F79EFBC}") = "Application", "src\Application\Application.csproj", "{4B92EBEB-BAFB-4C99-8A5F-172C1A6B586C}"
EndProject
Project("{FAE04EC0-301F-11D3-BF4B-00C04F79EFBC}") = "WpfControlLibrary", "src\WpfControlLibrary\WpfControlLibrary.csproj", "{836F52A1-659A-4FD1-A21B-03EEDB55A90A}"
EndProject
Project("{FAE04EC0-301F-11D3-BF4B-00C04F79EFBC}") = "WpfControlLibrary.UnitTest", "src\WpfControlLibrary.UnitTest\WpfControlLibrary.UnitTest.csproj", "{B6ADCDA2-E9A8-46C2-8763-8EB3E30BDFD9}"
EndProject
Global
	GlobalSection(SolutionConfigurationPlatforms) = preSolution
		Debug|Any CPU = Debug|Any CPU
		Release|Any CPU = Release|Any CPU
	EndGlobalSection
	GlobalSection(ProjectConfigurationPlatforms) = postSolution
		{4B92EBEB-BAFB-4C99-8A5F-172C1A6B586C}.Debug|Any CPU.ActiveCfg = Debug|Any CPU
		{4B92EBEB-BAFB-4C99-8A5F-172C1A6B586C}.Debug|Any CPU.Build.0 = Debug|Any CPU
		{4B92EBEB-BAFB-4C99-8A5F-172C1A6B586C}.Release|Any CPU.ActiveCfg = Release|Any CPU
		{4B92EBEB-BAFB-4C99-8A5F-172C1A6B586C}.Release|Any CPU.Build.0 = Release|Any CPU
		{836F52A1-659A-4FD1-A21B-03EEDB55A90A}.Debug|Any CPU.ActiveCfg = Debug|Any CPU
		{836F52A1-659A-4FD1-A21B-03EEDB55A90A}.Debug|Any CPU.Build.0 = Debug|Any CPU
		{836F52A1-659A-4FD1-A21B-03EEDB55A90A}.Release|Any CPU.ActiveCfg = Release|Any CPU
		{836F52A1-659A-4FD1-A21B-03EEDB55A90A}.Release|Any CPU.Build.0 = Release|Any CPU
		{B6ADCDA2-E9A8-46C2-8763-8EB3E30BDFD9}.Debug|Any CPU.ActiveCfg = Debug|Any CPU
		{B6ADCDA2-E9A8-46C2-8763-8EB3E30BDFD9}.Debug|Any CPU.Build.0 = Debug|Any CPU
		{B6ADCDA2-E9A8-46C2-8763-8EB3E30BDFD9}.Release|Any CPU.ActiveCfg = Release|Any CPU
		{B6ADCDA2-E9A8-46C2-8763-8EB3E30BDFD9}.Release|Any CPU.Build.0 = Release|Any CPU
	EndGlobalSection
	GlobalSection(SolutionProperties) = preSolution
		HideSolutionNode = FALSE
	EndGlobalSection
	GlobalSection(ExtensibilityGlobals) = postSolution
		SolutionGuid = {6B52932C-3EB4-44B5-8297-440AA8C9AC5E}
	EndGlobalSection
EndGlobal
